
Microsoft Visual Studio Solution File, Format Version 12.00
# Visual Studio 15
VisualStudioVersion = 15.0.26730.16
MinimumVisualStudioVersion = 10.0.40219.1
Project("{8BC9CEB8-8B4A-11D0-8D11-00A0C91BC942}") = "dft_example", "dft_example.vcxproj", "{400C57F8-7B82-447F-AF49-5CA879A861B1}"
EndProject
Global
	GlobalSection(SolutionConfigurationPlatforms) = preSolution
		Debug|x64 = Debug|x64
		Debug|x86 = Debug|x86
		Release|x64 = Release|x64
		Release|x86 = Release|x86
	EndGlobalSection
	GlobalSection(ProjectConfigurationPlatforms) = postSolution
		{400C57F8-7B82-447F-AF49-5CA879A861B1}.Debug|x64.ActiveCfg = Debug|Win32
		{400C57F8-7B82-447F-AF49-5CA879A861B1}.Debug|x86.ActiveCfg = Debug|Win32
		{400C57F8-7B82-447F-AF49-5CA879A861B1}.Debug|x86.Build.0 = Debug|Win32
		{400C57F8-7B82-447F-AF49-5CA879A861B1}.Release|x64.ActiveCfg = Release|Win32
		{400C57F8-7B82-447F-AF49-5CA879A861B1}.Release|x86.ActiveCfg = Release|Win32
		{400C57F8-7B82-447F-AF49-5CA879A861B1}.Release|x86.Build.0 = Release|Win32
	EndGlobalSection
	GlobalSection(SolutionProperties) = preSolution
		HideSolutionNode = FALSE
	EndGlobalSection
	GlobalSection(ExtensibilityGlobals) = postSolution
		SolutionGuid = {01C022B8-15D8-4762-A03A-AFC53A49EEB3}
	EndGlobalSection
EndGlobal
